// !$*UTF8*$!
{
	archiveVersion = 1;
	classes = {
	};
	objectVersion = 46;
	objects = {

/* Begin PBXBuildFile section */
		7C95033419B4F40E0000A8BA /* main.m in Sources */ = {isa = PBXBuildFile; fileRef = 7C95033319B4F40E0000A8BA /* main.m */; };
		7C95033719B4F40E0000A8BA /* AppDelegate.m in Sources */ = {isa = PBXBuildFile; fileRef = 7C95033619B4F40E0000A8BA /* AppDelegate.m */; };
		7C95033919B4F40E0000A8BA /* Images.xcassets in Resources */ = {isa = PBXBuildFile; fileRef = 7C95033819B4F40E0000A8BA /* Images.xcassets */; };
		7C95033C19B4F40E0000A8BA /* MainMenu.xib in Resources */ = {isa = PBXBuildFile; fileRef = 7C95033A19B4F40E0000A8BA /* MainMenu.xib */; };
		7C95034819B4F40E0000A8BA /* PersonTests.m in Sources */ = {isa = PBXBuildFile; fileRef = 7C95034719B4F40E0000A8BA /* PersonTests.m */; };
/* End PBXBuildFile section */

/* Begin PBXContainerItemProxy section */
		7C95034219B4F40E0000A8BA /* PBXContainerItemProxy */ = {
			isa = PBXContainerItemProxy;
			containerPortal = 7C95032619B4F40E0000A8BA /* Project object */;
			proxyType = 1;
			remoteGlobalIDString = 7C95032D19B4F40E0000A8BA;
			remoteInfo = Person;
		};
/* End PBXContainerItemProxy section */

/* Begin PBXFileReference section */
		7C95032E19B4F40E0000A8BA /* Person.app */ = {isa = PBXFileReference; explicitFileType = wrapper.application; includeInIndex = 0; path = Person.app; sourceTree = BUILT_PRODUCTS_DIR; };
		7C95033219B4F40E0000A8BA /* Info.plist */ = {isa = PBXFileReference; lastKnownFileType = text.plist.xml; path = Info.plist; sourceTree = "<group>"; };
		7C95033319B4F40E0000A8BA /* main.m */ = {isa = PBXFileReference; lastKnownFileType = sourcecode.c.objc; path = main.m; sourceTree = "<group>"; };
		7C95033519B4F40E0000A8BA /* AppDelegate.h */ = {isa = PBXFileReference; lastKnownFileType = sourcecode.c.h; path = AppDelegate.h; sourceTree = "<group>"; };
		7C95033619B4F40E0000A8BA /* AppDelegate.m */ = {isa = PBXFileReference; lastKnownFileType = sourcecode.c.objc; path = AppDelegate.m; sourceTree = "<group>"; };
		7C95033819B4F40E0000A8BA /* Images.xcassets */ = {isa = PBXFileReference; lastKnownFileType = folder.assetcatalog; path = Images.xcassets; sourceTree = "<group>"; };
		7C95033B19B4F40E0000A8BA /* Base */ = {isa = PBXFileReference; lastKnownFileType = file.xib; name = Base; path = Base.lproj/MainMenu.xib; sourceTree = "<group>"; };
		7C95034119B4F40E0000A8BA /* PersonTests.xctest */ = {isa = PBXFileReference; explicitFileType = wrapper.cfbundle; includeInIndex = 0; path = PersonTests.xctest; sourceTree = BUILT_PRODUCTS_DIR; };
		7C95034619B4F40E0000A8BA /* Info.plist */ = {isa = PBXFileReference; lastKnownFileType = text.plist.xml; path = Info.plist; sourceTree = "<group>"; };
		7C95034719B4F40E0000A8BA /* PersonTests.m */ = {isa = PBXFileReference; lastKnownFileType = sourcecode.c.objc; path = PersonTests.m; sourceTree = "<group>"; };
/* End PBXFileReference section */

/* Begin PBXFrameworksBuildPhase section */
		7C95032B19B4F40E0000A8BA /* Frameworks */ = {
			isa = PBXFrameworksBuildPhase;
			buildActionMask = 2147483647;
			files = (
			);
			runOnlyForDeploymentPostprocessing = 0;
		};
		7C95033E19B4F40E0000A8BA /* Frameworks */ = {
			isa = PBXFrameworksBuildPhase;
			buildActionMask = 2147483647;
			files = (
			);
			runOnlyForDeploymentPostprocessing = 0;
		};
/* End PBXFrameworksBuildPhase section */

/* Begin PBXGroup section */
		7C95032519B4F40E0000A8BA = {
			isa = PBXGroup;
			children = (
				7C95033019B4F40E0000A8BA /* Person */,
				7C95034419B4F40E0000A8BA /* PersonTests */,
				7C95032F19B4F40E0000A8BA /* Products */,
			);
			sourceTree = "<group>";
		};
		7C95032F19B4F40E0000A8BA /* Products */ = {
			isa = PBXGroup;
			children = (
				7C95032E19B4F40E0000A8BA /* Person.app */,
				7C95034119B4F40E0000A8BA /* PersonTests.xctest */,
			);
			name = Products;
			sourceTree = "<group>";
		};
		7C95033019B4F40E0000A8BA /* Person */ = {
			isa = PBXGroup;
			children = (
				7C95033519B4F40E0000A8BA /* AppDelegate.h */,
				7C95033619B4F40E0000A8BA /* AppDelegate.m */,
				7C95033819B4F40E0000A8BA /* Images.xcassets */,
				7C95033A19B4F40E0000A8BA /* MainMenu.xib */,
				7C95033119B4F40E0000A8BA /* Supporting Files */,
			);
			path = Person;
			sourceTree = "<group>";
		};
		7C95033119B4F40E0000A8BA /* Supporting Files */ = {
			isa = PBXGroup;
			children = (
				7C95033219B4F40E0000A8BA /* Info.plist */,
				7C95033319B4F40E0000A8BA /* main.m */,
			);
			name = "Supporting Files";
			sourceTree = "<group>";
		};
		7C95034419B4F40E0000A8BA /* PersonTests */ = {
			isa = PBXGroup;
			children = (
				7C95034719B4F40E0000A8BA /* PersonTests.m */,
				7C95034519B4F40E0000A8BA /* Supporting Files */,
			);
			path = PersonTests;
			sourceTree = "<group>";
		};
		7C95034519B4F40E0000A8BA /* Supporting Files */ = {
			isa = PBXGroup;
			children = (
				7C95034619B4F40E0000A8BA /* Info.plist */,
			);
			name = "Supporting Files";
			sourceTree = "<group>";
		};
/* End PBXGroup section */

/* Begin PBXNativeTarget section */
		7C95032D19B4F40E0000A8BA /* Person */ = {
			isa = PBXNativeTarget;
			buildConfigurationList = 7C95034B19B4F40E0000A8BA /* Build configuration list for PBXNativeTarget "Person" */;
			buildPhases = (
				7C95032A19B4F40E0000A8BA /* Sources */,
				7C95032B19B4F40E0000A8BA /* Frameworks */,
				7C95032C19B4F40E0000A8BA /* Resources */,
			);
			buildRules = (
			);
			dependencies = (
			);
			name = Person;
			productName = Person;
			productReference = 7C95032E19B4F40E0000A8BA /* Person.app */;
			productType = "com.apple.product-type.application";
		};
		7C95034019B4F40E0000A8BA /* PersonTests */ = {
			isa = PBXNativeTarget;
			buildConfigurationList = 7C95034E19B4F40E0000A8BA /* Build configuration list for PBXNativeTarget "PersonTests" */;
			buildPhases = (
				7C95033D19B4F40E0000A8BA /* Sources */,
				7C95033E19B4F40E0000A8BA /* Frameworks */,
				7C95033F19B4F40E0000A8BA /* Resources */,
			);
			buildRules = (
			);
			dependencies = (
				7C95034319B4F40E0000A8BA /* PBXTargetDependency */,
			);
			name = PersonTests;
			productName = PersonTests;
			productReference = 7C95034119B4F40E0000A8BA /* PersonTests.xctest */;
			productType = "com.apple.product-type.bundle.unit-test";
		};
/* End PBXNativeTarget section */

/* Begin PBXProject section */
		7C95032619B4F40E0000A8BA /* Project object */ = {
			isa = PBXProject;
			attributes = {
				LastUpgradeCheck = 0600;
				ORGANIZATIONNAME = phtone;
				TargetAttributes = {
					7C95032D19B4F40E0000A8BA = {
						CreatedOnToolsVersion = 6.0;
					};
					7C95034019B4F40E0000A8BA = {
						CreatedOnToolsVersion = 6.0;
						TestTargetID = 7C95032D19B4F40E0000A8BA;
					};
				};
			};
			buildConfigurationList = 7C95032919B4F40E0000A8BA /* Build configuration list for PBXProject "Person" */;
			compatibilityVersion = "Xcode 3.2";
			developmentRegion = English;
			hasScannedForEncodings = 0;
			knownRegions = (
				en,
				Base,
			);
			mainGroup = 7C95032519B4F40E0000A8BA;
			productRefGroup = 7C95032F19B4F40E0000A8BA /* Products */;
			projectDirPath = "";
			projectRoot = "";
			targets = (
				7C95032D19B4F40E0000A8BA /* Person */,
				7C95034019B4F40E0000A8BA /* PersonTests */,
			);
		};
/* End PBXProject section */

/* Begin PBXResourcesBuildPhase section */
		7C95032C19B4F40E0000A8BA /* Resources */ = {
			isa = PBXResourcesBuildPhase;
			buildActionMask = 2147483647;
			files = (
				7C95033919B4F40E0000A8BA /* Images.xcassets in Resources */,
				7C95033C19B4F40E0000A8BA /* MainMenu.xib in Resources */,
			);
			runOnlyForDeploymentPostprocessing = 0;
		};
		7C95033F19B4F40E0000A8BA /* Resources */ = {
			isa = PBXResourcesBuildPhase;
			buildActionMask = 2147483647;
			files = (
			);
			runOnlyForDeploymentPostprocessing = 0;
		};
/* End PBXResourcesBuildPhase section */

/* Begin PBXSourcesBuildPhase section */
		7C95032A19B4F40E0000A8BA /* Sources */ = {
			isa = PBXSourcesBuildPhase;
			buildActionMask = 2147483647;
			files = (
				7C95033719B4F40E0000A8BA /* AppDelegate.m in Sources */,
				7C95033419B4F40E0000A8BA /* main.m in Sources */,
			);
			runOnlyForDeploymentPostprocessing = 0;
		};
		7C95033D19B4F40E0000A8BA /* Sources */ = {
			isa = PBXSourcesBuildPhase;
			buildActionMask = 2147483647;
			files = (
				7C95034819B4F40E0000A8BA /* PersonTests.m in Sources */,
			);
			runOnlyForDeploymentPostprocessing = 0;
		};
/* End PBXSourcesBuildPhase section */

/* Begin PBXTargetDependency section */
		7C95034319B4F40E0000A8BA /* PBXTargetDependency */ = {
			isa = PBXTargetDependency;
			target = 7C95032D19B4F40E0000A8BA /* Person */;
			targetProxy = 7C95034219B4F40E0000A8BA /* PBXContainerItemProxy */;
		};
/* End PBXTargetDependency section */

/* Begin PBXVariantGroup section */
		7C95033A19B4F40E0000A8BA /* MainMenu.xib */ = {
			isa = PBXVariantGroup;
			children = (
				7C95033B19B4F40E0000A8BA /* Base */,
			);
			name = MainMenu.xib;
			sourceTree = "<group>";
		};
/* End PBXVariantGroup section */

/* Begin XCBuildConfiguration section */
		7C95034919B4F40E0000A8BA /* Debug */ = {
			isa = XCBuildConfiguration;
			buildSettings = {
				ALWAYS_SEARCH_USER_PATHS = NO;
				CLANG_CXX_LANGUAGE_STANDARD = "gnu++0x";
				CLANG_CXX_LIBRARY = "libc++";
				CLANG_ENABLE_MODULES = YES;
				CLANG_ENABLE_OBJC_ARC = YES;
				CLANG_WARN_BOOL_CONVERSION = YES;
				CLANG_WARN_CONSTANT_CONVERSION = YES;
				CLANG_WARN_DIRECT_OBJC_ISA_USAGE = YES_ERROR;
				CLANG_WARN_EMPTY_BODY = YES;
				CLANG_WARN_ENUM_CONVERSION = YES;
				CLANG_WARN_INT_CONVERSION = YES;
				CLANG_WARN_OBJC_ROOT_CLASS = YES_ERROR;
				CLANG_WARN_UNREACHABLE_CODE = YES;
				CLANG_WARN__DUPLICATE_METHOD_MATCH = YES;
				CODE_SIGN_IDENTITY = "-";
				COPY_PHASE_STRIP = NO;
				ENABLE_STRICT_OBJC_MSGSEND = YES;
				GCC_C_LANGUAGE_STANDARD = gnu99;
				GCC_DYNAMIC_NO_PIC = NO;
				GCC_OPTIMIZATION_LEVEL = 0;
				GCC_PREPROCESSOR_DEFINITIONS = (
					"DEBUG=1",
					"$(inherited)",
				);
				GCC_SYMBOLS_PRIVATE_EXTERN = NO;
				GCC_WARN_64_TO_32_BIT_CONVERSION = YES;
				GCC_WARN_ABOUT_RETURN_TYPE = YES_ERROR;
				GCC_WARN_UNDECLARED_SELECTOR = YES;
				GCC_WARN_UNINITIALIZED_AUTOS = YES_AGGRESSIVE;
				GCC_WARN_UNUSED_FUNCTION = YES;
				GCC_WARN_UNUSED_VARIABLE = YES;
				MACOSX_DEPLOYMENT_TARGET = 10.10;
				MTL_ENABLE_DEBUG_INFO = YES;
				ONLY_ACTIVE_ARCH = YES;
				SDKROOT = macosx;
			};
			name = Debug;
		};
		7C95034A19B4F40E0000A8BA /* Release */ = {
			isa = XCBuildConfiguration;
			buildSettings = {
				ALWAYS_SEARCH_USER_PATHS = NO;
				CLANG_CXX_LANGUAGE_STANDARD = "gnu++0x";
				CLANG_CXX_LIBRARY = "libc++";
				CLANG_ENABLE_MODULES = YES;
				CLANG_ENABLE_OBJC_ARC = YES;
				CLANG_WARN_BOOL_CONVERSION = YES;
				CLANG_WARN_CONSTANT_CONVERSION = YES;
				CLANG_WARN_DIRECT_OBJC_ISA_USAGE = YES_ERROR;
				CLANG_WARN_EMPTY_BODY = YES;
				CLANG_WARN_ENUM_CONVERSION = YES;
				CLANG_WARN_INT_CONVERSION = YES;
				CLANG_WARN_OBJC_ROOT_CLASS = YES_ERROR;
				CLANG_WARN_UNREACHABLE_CODE = YES;
				CLANG_WARN__DUPLICATE_METHOD_MATCH = YES;
				CODE_SIGN_IDENTITY = "-";
				COPY_PHASE_STRIP = YES;
				DEBUG_INFORMATION_FORMAT = "dwarf-with-dsym";
				ENABLE_NS_ASSERTIONS = NO;
				ENABLE_STRICT_OBJC_MSGSEND = YES;
				GCC_C_LANGUAGE_STANDARD = gnu99;
				GCC_WARN_64_TO_32_BIT_CONVERSION = YES;
				GCC_WARN_ABOUT_RETURN_TYPE = YES_ERROR;
				GCC_WARN_UNDECLARED_SELECTOR = YES;
				GCC_WARN_UNINITIALIZED_AUTOS = YES_AGGRESSIVE;
				GCC_WARN_UNUSED_FUNCTION = YES;
				GCC_WARN_UNUSED_VARIABLE = YES;
				MACOSX_DEPLOYMENT_TARGET = 10.10;
				MTL_ENABLE_DEBUG_INFO = NO;
				SDKROOT = macosx;
			};
			name = Release;
		};
		7C95034C19B4F40E0000A8BA /* Debug */ = {
			isa = XCBuildConfiguration;
			buildSettings = {
				ASSETCATALOG_COMPILER_APPICON_NAME = AppIcon;
				COMBINE_HIDPI_IMAGES = YES;
				INFOPLIST_FILE = Person/Info.plist;
				LD_RUNPATH_SEARCH_PATHS = "$(inherited) @executable_path/../Frameworks";
				PRODUCT_NAME = "$(TARGET_NAME)";
			};
			name = Debug;
		};
		7C95034D19B4F40E0000A8BA /* Release */ = {
			isa = XCBuildConfiguration;
			buildSettings = {
				ASSETCATALOG_COMPILER_APPICON_NAME = AppIcon;
				COMBINE_HIDPI_IMAGES = YES;
				INFOPLIST_FILE = Person/Info.plist;
				LD_RUNPATH_SEARCH_PATHS = "$(inherited) @executable_path/../Frameworks";
				PRODUCT_NAME = "$(TARGET_NAME)";
			};
			name = Release;
		};
		7C95034F19B4F40E0000A8BA /* Debug */ = {
			isa = XCBuildConfiguration;
			buildSettings = {
				BUNDLE_LOADER = "$(TEST_HOST)";
				COMBINE_HIDPI_IMAGES = YES;
				FRAMEWORK_SEARCH_PATHS = (
					"$(DEVELOPER_FRAMEWORKS_DIR)",
					"$(inherited)",
				);
				GCC_PREPROCESSOR_DEFINITIONS = (
					"DEBUG=1",
					"$(inherited)",
				);
				INFOPLIST_FILE = PersonTests/Info.plist;
				LD_RUNPATH_SEARCH_PATHS = "$(inherited) @executable_path/../Frameworks @loader_path/../Frameworks";
				PRODUCT_NAME = "$(TARGET_NAME)";
				TEST_HOST = "$(BUILT_PRODUCTS_DIR)/Person.app/Contents/MacOS/Person";
			};
			name = Debug;
		};
		7C95035019B4F40E0000A8BA /* Release */ = {
			isa = XCBuildConfiguration;
			buildSettings = {
				BUNDLE_LOADER = "$(TEST_HOST)";
				COMBINE_HIDPI_IMAGES = YES;
				FRAMEWORK_SEARCH_PATHS = (
					"$(DEVELOPER_FRAMEWORKS_DIR)",
					"$(inherited)",
				);
				INFOPLIST_FILE = PersonTests/Info.plist;
				LD_RUNPATH_SEARCH_PATHS = "$(inherited) @executable_path/../Frameworks @loader_path/../Frameworks";
				PRODUCT_NAME = "$(TARGET_NAME)";
				TEST_HOST = "$(BUILT_PRODUCTS_DIR)/Person.app/Contents/MacOS/Person";
			};
			name = Release;
		};
/* End XCBuildConfiguration section */

/* Begin XCConfigurationList section */
		7C95032919B4F40E0000A8BA /* Build configuration list for PBXProject "Person" */ = {
			isa = XCConfigurationList;
			buildConfigurations = (
				7C95034919B4F40E0000A8BA /* Debug */,
				7C95034A19B4F40E0000A8BA /* Release */,
			);
			defaultConfigurationIsVisible = 0;
			defaultConfigurationName = Release;
		};
		7C95034B19B4F40E0000A8BA /* Build configuration list for PBXNativeTarget "Person" */ = {
			isa = XCConfigurationList;
			buildConfigurations = (
				7C95034C19B4F40E0000A8BA /* Debug */,
				7C95034D19B4F40E0000A8BA /* Release */,
			);
			defaultConfigurationIsVisible = 0;
		};
		7C95034E19B4F40E0000A8BA /* Build configuration list for PBXNativeTarget "PersonTests" */ = {
			isa = XCConfigurationList;
			buildConfigurations = (
				7C95034F19B4F40E0000A8BA /* Debug */,
				7C95035019B4F40E0000A8BA /* Release */,
			);
			defaultConfigurationIsVisible = 0;
		};
/* End XCConfigurationList section */
	};
	rootObject = 7C95032619B4F40E0000A8BA /* Project object */;
}
